
Microsoft Visual Studio Solution File, Format Version 12.00
# Visual Studio Version 17
VisualStudioVersion = 17.14.36212.18 d17.14
MinimumVisualStudioVersion = 10.0.40219.1
Project("{FAE04EC0-301F-11D3-BF4B-00C04F79EFBC}") = "ShiXunSeleniumTools", "ShiXunSeleniumTools\ShiXunSeleniumTools.csproj", "{DA07C4D0-9342-4EC5-8354-B510A66D4588}"
EndProject
Project("{FAE04EC0-301F-11D3-BF4B-00C04F79EFBC}") = "ShiXunSeleniumTest", "ShiXunSeleniumTest\ShiXunSeleniumTest.csproj", "{F8245CE1-3CDB-4CE4-8A3A-30A8C3AF39F6}"
EndProject
Project("{2150E333-8FDC-42A3-9474-1A3956D46DE8}") = "方案項目", "方案項目", "{8DDC4786-5FC8-F15C-1CA5-9F41FD4BEB75}"
	ProjectSection(SolutionItems) = preProject
		LICENSE.txt = LICENSE.txt
	EndProjectSection
EndProject
Global
	GlobalSection(SolutionConfigurationPlatforms) = preSolution
		Debug|Any CPU = Debug|Any CPU
		Release|Any CPU = Release|Any CPU
	EndGlobalSection
	GlobalSection(ProjectConfigurationPlatforms) = postSolution
		{DA07C4D0-9342-4EC5-8354-B510A66D4588}.Debug|Any CPU.ActiveCfg = Debug|Any CPU
		{DA07C4D0-9342-4EC5-8354-B510A66D4588}.Debug|Any CPU.Build.0 = Debug|Any CPU
		{DA07C4D0-9342-4EC5-8354-B510A66D4588}.Release|Any CPU.ActiveCfg = Release|Any CPU
		{DA07C4D0-9342-4EC5-8354-B510A66D4588}.Release|Any CPU.Build.0 = Release|Any CPU
		{F8245CE1-3CDB-4CE4-8A3A-30A8C3AF39F6}.Debug|Any CPU.ActiveCfg = Debug|Any CPU
		{F8245CE1-3CDB-4CE4-8A3A-30A8C3AF39F6}.Debug|Any CPU.Build.0 = Debug|Any CPU
		{F8245CE1-3CDB-4CE4-8A3A-30A8C3AF39F6}.Release|Any CPU.ActiveCfg = Release|Any CPU
		{F8245CE1-3CDB-4CE4-8A3A-30A8C3AF39F6}.Release|Any CPU.Build.0 = Release|Any CPU
	EndGlobalSection
	GlobalSection(SolutionProperties) = preSolution
		HideSolutionNode = FALSE
	EndGlobalSection
	GlobalSection(ExtensibilityGlobals) = postSolution
		SolutionGuid = {346615CC-288D-4EA9-89A3-A6B991646A7D}
	EndGlobalSection
EndGlobal
